
Microsoft Visual Studio Solution File, Format Version 12.00
# Visual Studio Version 16
VisualStudioVersion = 16.0.31313.79
MinimumVisualStudioVersion = 10.0.40219.1
Project("{FAE04EC0-301F-11D3-BF4B-00C04F79EFBC}") = "GerenciadorDeTarefas", "GerenciadorDeTarefas\GerenciadorDeTarefas.csproj", "{90F79B7E-E99A-409F-8299-029399FF5315}"
EndProject
Global
	GlobalSection(SolutionConfigurationPlatforms) = preSolution
		Debug|Any CPU = Debug|Any CPU
		Release|Any CPU = Release|Any CPU
	EndGlobalSection
	GlobalSection(ProjectConfigurationPlatforms) = postSolution
		{90F79B7E-E99A-409F-8299-029399FF5315}.Debug|Any CPU.ActiveCfg = Debug|Any CPU
		{90F79B7E-E99A-409F-8299-029399FF5315}.Debug|Any CPU.Build.0 = Debug|Any CPU
		{90F79B7E-E99A-409F-8299-029399FF5315}.Release|Any CPU.ActiveCfg = Release|Any CPU
		{90F79B7E-E99A-409F-8299-029399FF5315}.Release|Any CPU.Build.0 = Release|Any CPU
	EndGlobalSection
	GlobalSection(SolutionProperties) = preSolution
		HideSolutionNode = FALSE
	EndGlobalSection
	GlobalSection(ExtensibilityGlobals) = postSolution
		SolutionGuid = {2E53CCC0-8798-4478-8DDC-1337F50C2CB1}
	EndGlobalSection
EndGlobal
